# THIS IS AN AUTOGENERATED FILE. DO NOT EDIT THIS FILE DIRECTLY.
# yarn lockfile v1


bs-fetch@^0.6.2:
  version "0.6.2"
  resolved "https://registry.yarnpkg.com/bs-fetch/-/bs-fetch-0.6.2.tgz#37d982e9f79b9bc44c23e87ae78ccbee1f869adf"
  integrity sha512-VXEjp8kY3vHPckaoy3d96Bx0KYjJAPLNISBwfpwMN26K6DtuZYwI2HKhx7zeHBajz1bRArfx7O8OOLcdtujMvg==

bs-let@^0.1.16:
  version "0.1.16"
  resolved "https://registry.yarnpkg.com/bs-let/-/bs-let-0.1.16.tgz#63cd449ed02c75f87eceb248d45963937afdd4ed"
  integrity sha512-pdbSNe/QRpqgqS72dYDlkZ7kqMHc5aJkLgipLS8BFMRx+hQqkOo0JOpxWZQeDj1T677e302xgmV+Mid5gvmnBg==

bs-platform@^9.0.2:
  version "9.0.2"
  resolved "https://registry.yarnpkg.com/bs-platform/-/bs-platform-9.0.2.tgz#a6eac70eb8924a322556dacaccbfbc9b2a0d3a37"
  integrity sha512-Ye9JqJ4Oa7mcjjoOVRYI8Uc2Cf8N7jQLWDcdUplY7996d/YErSR7WitmV7XnSwr4EvdrbwjEsg1NxNjUQv3ChA==

bs-webapi@^0.19.1:
  version "0.19.1"
  resolved "https://registry.yarnpkg.com/bs-webapi/-/bs-webapi-0.19.1.tgz#cae7d65fc43795376becc44b56f46d85e5b8e878"
  integrity sha512-sRhkNdHFBxzoiLH+r8rhlW9XSafBbbGCkvsxtTJ1QMABEaHKj8TejwA7TuBZH2ZYL2ur3sk291ukkge5qFm3Uw==
  dependencies:
    bs-fetch "^0.6.2"
